
Microsoft Visual Studio Solution File, Format Version 12.00
# Visual Studio Version 17
VisualStudioVersion = 17.7.34003.232
MinimumVisualStudioVersion = 10.0.40219.1
Project("{FAE04EC0-301F-11D3-BF4B-00C04F79EFBC}") = "CursoCSharp", "CursoCSharp\CursoCSharp.csproj", "{4ED8782D-A031-45B3-97FA-ABFD3F359E9A}"
EndProject
Project("{FAE04EC0-301F-11D3-BF4B-00C04F79EFBC}") = "Encapsulamento", "Encapsulamento\Encapsulamento.csproj", "{DC681220-9C6E-4227-8946-E4CE6ED8F22D}"
EndProject
Global
	GlobalSection(SolutionConfigurationPlatforms) = preSolution
		Debug|Any CPU = Debug|Any CPU
		Release|Any CPU = Release|Any CPU
	EndGlobalSection
	GlobalSection(ProjectConfigurationPlatforms) = postSolution
		{4ED8782D-A031-45B3-97FA-ABFD3F359E9A}.Debug|Any CPU.ActiveCfg = Debug|Any CPU
		{4ED8782D-A031-45B3-97FA-ABFD3F359E9A}.Debug|Any CPU.Build.0 = Debug|Any CPU
		{4ED8782D-A031-45B3-97FA-ABFD3F359E9A}.Release|Any CPU.ActiveCfg = Release|Any CPU
		{4ED8782D-A031-45B3-97FA-ABFD3F359E9A}.Release|Any CPU.Build.0 = Release|Any CPU
		{DC681220-9C6E-4227-8946-E4CE6ED8F22D}.Debug|Any CPU.ActiveCfg = Debug|Any CPU
		{DC681220-9C6E-4227-8946-E4CE6ED8F22D}.Debug|Any CPU.Build.0 = Debug|Any CPU
		{DC681220-9C6E-4227-8946-E4CE6ED8F22D}.Release|Any CPU.ActiveCfg = Release|Any CPU
		{DC681220-9C6E-4227-8946-E4CE6ED8F22D}.Release|Any CPU.Build.0 = Release|Any CPU
	EndGlobalSection
	GlobalSection(SolutionProperties) = preSolution
		HideSolutionNode = FALSE
	EndGlobalSection
	GlobalSection(ExtensibilityGlobals) = postSolution
		SolutionGuid = {C1395871-D806-450A-8DF5-94DEAC0929D2}
	EndGlobalSection
EndGlobal
