
Microsoft Visual Studio Solution File, Format Version 12.00
# Visual Studio Version 17
VisualStudioVersion = 17.7.34003.232
MinimumVisualStudioVersion = 10.0.40219.1
Project("{FAE04EC0-301F-11D3-BF4B-00C04F79EFBC}") = "WpfEx0", "WpfEx0\WpfEx0.csproj", "{7FAF74EE-3B2F-4D1A-8BF4-F833EBF64F3D}"
EndProject
Global
	GlobalSection(SolutionConfigurationPlatforms) = preSolution
		Debug|Any CPU = Debug|Any CPU
		Release|Any CPU = Release|Any CPU
	EndGlobalSection
	GlobalSection(ProjectConfigurationPlatforms) = postSolution
		{7FAF74EE-3B2F-4D1A-8BF4-F833EBF64F3D}.Debug|Any CPU.ActiveCfg = Debug|Any CPU
		{7FAF74EE-3B2F-4D1A-8BF4-F833EBF64F3D}.Debug|Any CPU.Build.0 = Debug|Any CPU
		{7FAF74EE-3B2F-4D1A-8BF4-F833EBF64F3D}.Release|Any CPU.ActiveCfg = Release|Any CPU
		{7FAF74EE-3B2F-4D1A-8BF4-F833EBF64F3D}.Release|Any CPU.Build.0 = Release|Any CPU
	EndGlobalSection
	GlobalSection(SolutionProperties) = preSolution
		HideSolutionNode = FALSE
	EndGlobalSection
	GlobalSection(ExtensibilityGlobals) = postSolution
		SolutionGuid = {41FD8D6B-F11F-4A1D-9547-05EA452BBD43}
	EndGlobalSection
EndGlobal
