
Microsoft Visual Studio Solution File, Format Version 12.00
# Visual Studio Version 17
VisualStudioVersion = 17.7.34003.232
MinimumVisualStudioVersion = 10.0.40219.1
Project("{FAE04EC0-301F-11D3-BF4B-00C04F79EFBC}") = "M2A3", "M2A3\M2A3.csproj", "{E7C4CC64-172C-4DAA-8539-FDD284D92B59}"
EndProject
Project("{FAE04EC0-301F-11D3-BF4B-00C04F79EFBC}") = "M2A4", "M2A4\M2A4.csproj", "{047FC587-5A67-4045-8163-199A744DE68D}"
EndProject
Project("{FAE04EC0-301F-11D3-BF4B-00C04F79EFBC}") = "M2A7", "M2A7\M2A7.csproj", "{0E2D9BDE-C54B-4441-ACDF-1A0FD0B7B775}"
EndProject
Global
	GlobalSection(SolutionConfigurationPlatforms) = preSolution
		Debug|Any CPU = Debug|Any CPU
		Release|Any CPU = Release|Any CPU
	EndGlobalSection
	GlobalSection(ProjectConfigurationPlatforms) = postSolution
		{E7C4CC64-172C-4DAA-8539-FDD284D92B59}.Debug|Any CPU.ActiveCfg = Debug|Any CPU
		{E7C4CC64-172C-4DAA-8539-FDD284D92B59}.Debug|Any CPU.Build.0 = Debug|Any CPU
		{E7C4CC64-172C-4DAA-8539-FDD284D92B59}.Release|Any CPU.ActiveCfg = Release|Any CPU
		{E7C4CC64-172C-4DAA-8539-FDD284D92B59}.Release|Any CPU.Build.0 = Release|Any CPU
		{047FC587-5A67-4045-8163-199A744DE68D}.Debug|Any CPU.ActiveCfg = Debug|Any CPU
		{047FC587-5A67-4045-8163-199A744DE68D}.Debug|Any CPU.Build.0 = Debug|Any CPU
		{047FC587-5A67-4045-8163-199A744DE68D}.Release|Any CPU.ActiveCfg = Release|Any CPU
		{047FC587-5A67-4045-8163-199A744DE68D}.Release|Any CPU.Build.0 = Release|Any CPU
		{0E2D9BDE-C54B-4441-ACDF-1A0FD0B7B775}.Debug|Any CPU.ActiveCfg = Debug|Any CPU
		{0E2D9BDE-C54B-4441-ACDF-1A0FD0B7B775}.Debug|Any CPU.Build.0 = Debug|Any CPU
		{0E2D9BDE-C54B-4441-ACDF-1A0FD0B7B775}.Release|Any CPU.ActiveCfg = Release|Any CPU
		{0E2D9BDE-C54B-4441-ACDF-1A0FD0B7B775}.Release|Any CPU.Build.0 = Release|Any CPU
	EndGlobalSection
	GlobalSection(SolutionProperties) = preSolution
		HideSolutionNode = FALSE
	EndGlobalSection
	GlobalSection(ExtensibilityGlobals) = postSolution
		SolutionGuid = {7393AC8A-C0BB-42C6-AA91-69EFC7FA844A}
	EndGlobalSection
EndGlobal
