
Microsoft Visual Studio Solution File, Format Version 12.00
# Visual Studio Version 17
VisualStudioVersion = 17.7.34003.232
MinimumVisualStudioVersion = 10.0.40219.1
Project("{FAE04EC0-301F-11D3-BF4B-00C04F79EFBC}") = "Ex01", "Ex01\Ex01.csproj", "{EE3A286A-CE97-4707-B0D4-38C4A7213D8E}"
EndProject
Project("{FAE04EC0-301F-11D3-BF4B-00C04F79EFBC}") = "ex02", "ex02\ex02.csproj", "{8E62584C-C0D7-4B5B-8304-893A4C521DA6}"
EndProject
Project("{FAE04EC0-301F-11D3-BF4B-00C04F79EFBC}") = "ex03", "ex03\ex03.csproj", "{4F9B9762-7B27-4B85-B540-DDB8A2E642A4}"
EndProject
Project("{FAE04EC0-301F-11D3-BF4B-00C04F79EFBC}") = "ex04", "ex04\ex04.csproj", "{391C7503-639D-4620-938D-2ED137D9B1C6}"
EndProject
Project("{FAE04EC0-301F-11D3-BF4B-00C04F79EFBC}") = "ex05", "ex05\ex05.csproj", "{3A4E4A19-037A-4436-A4D1-F0F3F805CC54}"
EndProject
Project("{FAE04EC0-301F-11D3-BF4B-00C04F79EFBC}") = "ex06", "ex06\ex06.csproj", "{32441B79-D93B-4304-B087-30A1E9C0B233}"
EndProject
Project("{FAE04EC0-301F-11D3-BF4B-00C04F79EFBC}") = "ex07", "ex07\ex07.csproj", "{70F038B3-0000-45B5-B3D1-EE2C03551643}"
EndProject
Global
	GlobalSection(SolutionConfigurationPlatforms) = preSolution
		Debug|Any CPU = Debug|Any CPU
		Release|Any CPU = Release|Any CPU
	EndGlobalSection
	GlobalSection(ProjectConfigurationPlatforms) = postSolution
		{EE3A286A-CE97-4707-B0D4-38C4A7213D8E}.Debug|Any CPU.ActiveCfg = Debug|Any CPU
		{EE3A286A-CE97-4707-B0D4-38C4A7213D8E}.Debug|Any CPU.Build.0 = Debug|Any CPU
		{EE3A286A-CE97-4707-B0D4-38C4A7213D8E}.Release|Any CPU.ActiveCfg = Release|Any CPU
		{EE3A286A-CE97-4707-B0D4-38C4A7213D8E}.Release|Any CPU.Build.0 = Release|Any CPU
		{8E62584C-C0D7-4B5B-8304-893A4C521DA6}.Debug|Any CPU.ActiveCfg = Debug|Any CPU
		{8E62584C-C0D7-4B5B-8304-893A4C521DA6}.Debug|Any CPU.Build.0 = Debug|Any CPU
		{8E62584C-C0D7-4B5B-8304-893A4C521DA6}.Release|Any CPU.ActiveCfg = Release|Any CPU
		{8E62584C-C0D7-4B5B-8304-893A4C521DA6}.Release|Any CPU.Build.0 = Release|Any CPU
		{4F9B9762-7B27-4B85-B540-DDB8A2E642A4}.Debug|Any CPU.ActiveCfg = Debug|Any CPU
		{4F9B9762-7B27-4B85-B540-DDB8A2E642A4}.Debug|Any CPU.Build.0 = Debug|Any CPU
		{4F9B9762-7B27-4B85-B540-DDB8A2E642A4}.Release|Any CPU.ActiveCfg = Release|Any CPU
		{4F9B9762-7B27-4B85-B540-DDB8A2E642A4}.Release|Any CPU.Build.0 = Release|Any CPU
		{391C7503-639D-4620-938D-2ED137D9B1C6}.Debug|Any CPU.ActiveCfg = Debug|Any CPU
		{391C7503-639D-4620-938D-2ED137D9B1C6}.Debug|Any CPU.Build.0 = Debug|Any CPU
		{391C7503-639D-4620-938D-2ED137D9B1C6}.Release|Any CPU.ActiveCfg = Release|Any CPU
		{391C7503-639D-4620-938D-2ED137D9B1C6}.Release|Any CPU.Build.0 = Release|Any CPU
		{3A4E4A19-037A-4436-A4D1-F0F3F805CC54}.Debug|Any CPU.ActiveCfg = Debug|Any CPU
		{3A4E4A19-037A-4436-A4D1-F0F3F805CC54}.Debug|Any CPU.Build.0 = Debug|Any CPU
		{3A4E4A19-037A-4436-A4D1-F0F3F805CC54}.Release|Any CPU.ActiveCfg = Release|Any CPU
		{3A4E4A19-037A-4436-A4D1-F0F3F805CC54}.Release|Any CPU.Build.0 = Release|Any CPU
		{32441B79-D93B-4304-B087-30A1E9C0B233}.Debug|Any CPU.ActiveCfg = Debug|Any CPU
		{32441B79-D93B-4304-B087-30A1E9C0B233}.Debug|Any CPU.Build.0 = Debug|Any CPU
		{32441B79-D93B-4304-B087-30A1E9C0B233}.Release|Any CPU.ActiveCfg = Release|Any CPU
		{32441B79-D93B-4304-B087-30A1E9C0B233}.Release|Any CPU.Build.0 = Release|Any CPU
		{70F038B3-0000-45B5-B3D1-EE2C03551643}.Debug|Any CPU.ActiveCfg = Debug|Any CPU
		{70F038B3-0000-45B5-B3D1-EE2C03551643}.Debug|Any CPU.Build.0 = Debug|Any CPU
		{70F038B3-0000-45B5-B3D1-EE2C03551643}.Release|Any CPU.ActiveCfg = Release|Any CPU
		{70F038B3-0000-45B5-B3D1-EE2C03551643}.Release|Any CPU.Build.0 = Release|Any CPU
	EndGlobalSection
	GlobalSection(SolutionProperties) = preSolution
		HideSolutionNode = FALSE
	EndGlobalSection
	GlobalSection(ExtensibilityGlobals) = postSolution
		SolutionGuid = {74AD2148-DA16-42A9-9DC6-EC8A1D86B4E4}
	EndGlobalSection
EndGlobal
