
Microsoft Visual Studio Solution File, Format Version 12.00
# Visual Studio Version 17
VisualStudioVersion = 17.7.34003.232
MinimumVisualStudioVersion = 10.0.40219.1
Project("{FAE04EC0-301F-11D3-BF4B-00C04F79EFBC}") = "Modulo01A", "Modulo01A\Modulo01A.csproj", "{4960A20B-9D6C-4AE6-9C2A-B488818B7023}"
EndProject
Project("{FAE04EC0-301F-11D3-BF4B-00C04F79EFBC}") = "Modulo01A2", "Modulo01A2\Modulo01A2.csproj", "{9DB651B3-0516-4E90-9944-F4E788E5CE47}"
EndProject
Global
	GlobalSection(SolutionConfigurationPlatforms) = preSolution
		Debug|Any CPU = Debug|Any CPU
		Release|Any CPU = Release|Any CPU
	EndGlobalSection
	GlobalSection(ProjectConfigurationPlatforms) = postSolution
		{4960A20B-9D6C-4AE6-9C2A-B488818B7023}.Debug|Any CPU.ActiveCfg = Debug|Any CPU
		{4960A20B-9D6C-4AE6-9C2A-B488818B7023}.Debug|Any CPU.Build.0 = Debug|Any CPU
		{4960A20B-9D6C-4AE6-9C2A-B488818B7023}.Release|Any CPU.ActiveCfg = Release|Any CPU
		{4960A20B-9D6C-4AE6-9C2A-B488818B7023}.Release|Any CPU.Build.0 = Release|Any CPU
		{9DB651B3-0516-4E90-9944-F4E788E5CE47}.Debug|Any CPU.ActiveCfg = Debug|Any CPU
		{9DB651B3-0516-4E90-9944-F4E788E5CE47}.Debug|Any CPU.Build.0 = Debug|Any CPU
		{9DB651B3-0516-4E90-9944-F4E788E5CE47}.Release|Any CPU.ActiveCfg = Release|Any CPU
		{9DB651B3-0516-4E90-9944-F4E788E5CE47}.Release|Any CPU.Build.0 = Release|Any CPU
	EndGlobalSection
	GlobalSection(SolutionProperties) = preSolution
		HideSolutionNode = FALSE
	EndGlobalSection
	GlobalSection(ExtensibilityGlobals) = postSolution
		SolutionGuid = {B031F5E4-0000-4880-8B7E-27A299A2126A}
	EndGlobalSection
EndGlobal
