
Microsoft Visual Studio Solution File, Format Version 12.00
# Visual Studio Version 17
VisualStudioVersion = 17.7.34003.232
MinimumVisualStudioVersion = 10.0.40219.1
Project("{FAE04EC0-301F-11D3-BF4B-00C04F79EFBC}") = "M1A1", "Modulo01A\M1A1.csproj", "{4960A20B-9D6C-4AE6-9C2A-B488818B7023}"
EndProject
Project("{FAE04EC0-301F-11D3-BF4B-00C04F79EFBC}") = "M1A2", "Modulo01A2\M1A2.csproj", "{9DB651B3-0516-4E90-9944-F4E788E5CE47}"
EndProject
Project("{FAE04EC0-301F-11D3-BF4B-00C04F79EFBC}") = "M1A3", "M1A3\M1A3.csproj", "{A51BF1B7-0B11-4DA9-9E0B-B1E860900597}"
EndProject
Project("{FAE04EC0-301F-11D3-BF4B-00C04F79EFBC}") = "M1A4", "M1A4\M1A4.csproj", "{A88C9C5C-A2D7-46C4-A362-952B6943D26A}"
EndProject
Project("{FAE04EC0-301F-11D3-BF4B-00C04F79EFBC}") = "M1A5a", "M01A05\M1A5a.csproj", "{D89A852C-6A2A-4A93-A89D-C844F5296F4A}"
EndProject
Project("{FAE04EC0-301F-11D3-BF4B-00C04F79EFBC}") = "M1A5b", "M1A5b\M1A5b.csproj", "{EF0D0F7E-DC52-4983-93E2-43CDC2F41C6A}"
EndProject
Global
	GlobalSection(SolutionConfigurationPlatforms) = preSolution
		Debug|Any CPU = Debug|Any CPU
		Release|Any CPU = Release|Any CPU
	EndGlobalSection
	GlobalSection(ProjectConfigurationPlatforms) = postSolution
		{4960A20B-9D6C-4AE6-9C2A-B488818B7023}.Debug|Any CPU.ActiveCfg = Debug|Any CPU
		{4960A20B-9D6C-4AE6-9C2A-B488818B7023}.Debug|Any CPU.Build.0 = Debug|Any CPU
		{4960A20B-9D6C-4AE6-9C2A-B488818B7023}.Release|Any CPU.ActiveCfg = Release|Any CPU
		{4960A20B-9D6C-4AE6-9C2A-B488818B7023}.Release|Any CPU.Build.0 = Release|Any CPU
		{9DB651B3-0516-4E90-9944-F4E788E5CE47}.Debug|Any CPU.ActiveCfg = Debug|Any CPU
		{9DB651B3-0516-4E90-9944-F4E788E5CE47}.Debug|Any CPU.Build.0 = Debug|Any CPU
		{9DB651B3-0516-4E90-9944-F4E788E5CE47}.Release|Any CPU.ActiveCfg = Release|Any CPU
		{9DB651B3-0516-4E90-9944-F4E788E5CE47}.Release|Any CPU.Build.0 = Release|Any CPU
		{A51BF1B7-0B11-4DA9-9E0B-B1E860900597}.Debug|Any CPU.ActiveCfg = Debug|Any CPU
		{A51BF1B7-0B11-4DA9-9E0B-B1E860900597}.Debug|Any CPU.Build.0 = Debug|Any CPU
		{A51BF1B7-0B11-4DA9-9E0B-B1E860900597}.Release|Any CPU.ActiveCfg = Release|Any CPU
		{A51BF1B7-0B11-4DA9-9E0B-B1E860900597}.Release|Any CPU.Build.0 = Release|Any CPU
		{A88C9C5C-A2D7-46C4-A362-952B6943D26A}.Debug|Any CPU.ActiveCfg = Debug|Any CPU
		{A88C9C5C-A2D7-46C4-A362-952B6943D26A}.Debug|Any CPU.Build.0 = Debug|Any CPU
		{A88C9C5C-A2D7-46C4-A362-952B6943D26A}.Release|Any CPU.ActiveCfg = Release|Any CPU
		{A88C9C5C-A2D7-46C4-A362-952B6943D26A}.Release|Any CPU.Build.0 = Release|Any CPU
		{D89A852C-6A2A-4A93-A89D-C844F5296F4A}.Debug|Any CPU.ActiveCfg = Debug|Any CPU
		{D89A852C-6A2A-4A93-A89D-C844F5296F4A}.Debug|Any CPU.Build.0 = Debug|Any CPU
		{D89A852C-6A2A-4A93-A89D-C844F5296F4A}.Release|Any CPU.ActiveCfg = Release|Any CPU
		{D89A852C-6A2A-4A93-A89D-C844F5296F4A}.Release|Any CPU.Build.0 = Release|Any CPU
		{EF0D0F7E-DC52-4983-93E2-43CDC2F41C6A}.Debug|Any CPU.ActiveCfg = Debug|Any CPU
		{EF0D0F7E-DC52-4983-93E2-43CDC2F41C6A}.Debug|Any CPU.Build.0 = Debug|Any CPU
		{EF0D0F7E-DC52-4983-93E2-43CDC2F41C6A}.Release|Any CPU.ActiveCfg = Release|Any CPU
		{EF0D0F7E-DC52-4983-93E2-43CDC2F41C6A}.Release|Any CPU.Build.0 = Release|Any CPU
	EndGlobalSection
	GlobalSection(SolutionProperties) = preSolution
		HideSolutionNode = FALSE
	EndGlobalSection
	GlobalSection(ExtensibilityGlobals) = postSolution
		SolutionGuid = {B031F5E4-0000-4880-8B7E-27A299A2126A}
	EndGlobalSection
EndGlobal
